Microsoft Visual Studio Solution File, Format Version 12.00
# Visual Studio Version 17
VisualStudioVersion = 17.5.2.0
MinimumVisualStudioVersion = 10.0.40219.1
Project("{FAE04EC0-301F-11D3-BF4B-00C04F79EFBC}") = "haggling_ui", "haggling_ui.csproj", "{49D47845-F510-50A3-0123-517414780844}"
EndProject
Global
	GlobalSection(SolutionConfigurationPlatforms) = preSolution
		Debug|Any CPU = Debug|Any CPU
		Release|Any CPU = Release|Any CPU
	EndGlobalSection
	GlobalSection(ProjectConfigurationPlatforms) = postSolution
		{49D47845-F510-50A3-0123-517414780844}.Debug|Any CPU.ActiveCfg = Debug|Any CPU
		{49D47845-F510-50A3-0123-517414780844}.Debug|Any CPU.Build.0 = Debug|Any CPU
		{49D47845-F510-50A3-0123-517414780844}.Release|Any CPU.ActiveCfg = Release|Any CPU
		{49D47845-F510-50A3-0123-517414780844}.Release|Any CPU.Build.0 = Release|Any CPU
	EndGlobalSection
	GlobalSection(SolutionProperties) = preSolution
		HideSolutionNode = FALSE
	EndGlobalSection
	GlobalSection(ExtensibilityGlobals) = postSolution
		SolutionGuid = {C46110E4-C332-47BA-BE4C-CDD88CA42EE6}
	EndGlobalSection
EndGlobal
